<?xml version="1.0" encoding="utf-8"?>
<Project ToolsVersion="4.0" xmlns="http://schemas.microsoft.com/developer/msbuild/2003">
  <ItemGroup>
    <Filter Include="Source Files">
      <UniqueIdentifier>{4FC737F1-C7A5-4376-A066-2A32D752A2FF}</UniqueIdentifier>
      <Extensions>cpp;c;cc;cxx;c++;def;odl;idl;hpj;bat;asm;asmx</Extensions>
    </Filter>
    <Filter Include="Header Files">
      <UniqueIdentifier>{93995380-89BD-4b04-88EB-625FBE52EBFB}</UniqueIdentifier>
      <Extensions>h;hh;hpp;hxx;h++;hm;inl;inc;ipp;xsd</Extensions>
    </Filter>
    <Filter Include="Resource Files">
      <UniqueIdentifier>{67DA6AB6-F800-4c08-8B7A-83BB121AAD01}</UniqueIdentifier>
      <Extensions>rc;ico;cur;bmp;dlg;rc2;rct;bin;rgs;gif;jpg;jpeg;jpe;resx;tiff;tif;png;wav;mfcribbon-ms</Extensions>
    </Filter>
    <Filter Include="Inheritance/Polymorphism">
      <UniqueIdentifier>{1e89c50f-c6f1-4c21-a31a-5a86c12057aa}</UniqueIdentifier>
    </Filter>
    <Filter Include="6. List and Iterators ADTs">
      <UniqueIdentifier>{0fd284b6-dfbc-4b50-927f-607e9de60cc5}</UniqueIdentifier>
    </Filter>
    <Filter Include="Arrays, Linked Lists">
      <UniqueIdentifier>{8ae339fc-b002-4437-82e9-051ee5a62a08}</UniqueIdentifier>
    </Filter>
    <Filter Include="5. Stacks, Queues, Deques">
      <UniqueIdentifier>{e336ddf9-bc7b-4933-b13f-73b14188ce70}</UniqueIdentifier>
    </Filter>
    <Filter Include="5. Stacks, Queues, Deques\Stack">
      <UniqueIdentifier>{0436d466-4dc2-44fd-afba-ab15e09984f5}</UniqueIdentifier>
    </Filter>
    <Filter Include="5. Stacks, Queues, Deques\Queue">
      <UniqueIdentifier>{d7d3d874-c39b-43be-963d-943beea03988}</UniqueIdentifier>
    </Filter>
    <Filter Include="5. Stacks, Queues, Deques\Deque">
      <UniqueIdentifier>{ba95221a-d8d6-498b-ab90-b89ac4c40821}</UniqueIdentifier>
    </Filter>
  </ItemGroup>
  <ItemGroup>
    <ClCompile Include="main.cpp">
      <Filter>Source Files</Filter>
    </ClCompile>
    <ClCompile Include="Progression.cpp">
      <Filter>Inheritance/Polymorphism</Filter>
    </ClCompile>
    <ClCompile Include="Geometric.cpp">
      <Filter>Inheritance/Polymorphism</Filter>
    </ClCompile>
    <ClCompile Include="Arithmetic.cpp">
      <Filter>Inheritance/Polymorphism</Filter>
    </ClCompile>
    <ClCompile Include="Vector.cpp">
      <Filter>6. List and Iterators ADTs</Filter>
    </ClCompile>
    <ClCompile Include="SLList.cpp">
      <Filter>Arrays, Linked Lists</Filter>
    </ClCompile>
    <ClCompile Include="Stacks/ArrayStack.cpp">
      <Filter>Source Files</Filter>
    </ClCompile>
    <ClCompile Include="1 C++Primer/Basic_Elements_1.1.cpp">
      <Filter>Source Files</Filter>
    </ClCompile>
    <ClCompile Include="Deque/DLLdeque.cpp">
      <Filter>Source Files</Filter>
    </ClCompile>
    <ClCompile Include="Stacks/LinkedListStack.cpp">
      <Filter>Source Files</Filter>
    </ClCompile>
    <ClCompile Include="2. OO Design/Person.cpp">
      <Filter>Source Files</Filter>
    </ClCompile>
    <ClCompile Include="Queues/ArrayQueue.cpp">
      <Filter>Source Files</Filter>
    </ClCompile>
    <ClCompile Include="2. OO Design/Stu.cpp">
      <Filter>Source Files</Filter>
    </ClCompile>
  </ItemGroup>
  <ItemGroup>
    <ClInclude Include="Progression.h">
      <Filter>Inheritance/Polymorphism</Filter>
    </ClInclude>
    <ClInclude Include="Geometric.h">
      <Filter>Inheritance/Polymorphism</Filter>
    </ClInclude>
    <ClInclude Include="Arithmetic.h">
      <Filter>Inheritance/Polymorphism</Filter>
    </ClInclude>
    <ClInclude Include="Vector.h">
      <Filter>6. List and Iterators ADTs</Filter>
    </ClInclude>
    <ClInclude Include="SLList.h">
      <Filter>Arrays, Linked Lists</Filter>
    </ClInclude>
    <ClInclude Include="2. OO Design/Stu.h">
      <Filter>Header Files</Filter>
    </ClInclude>
  </ItemGroup>
</Project>